# This file is generated by running "yarn install" inside your project.
# Manual changes might be lost - proceed with caution!

__metadata:
  version: 8
  cacheKey: 10

"@emnapi/core@npm:1.11.1":
  version: 1.11.1
  resolution: "@emnapi/core@npm:1.11.1"
  dependencies:
    "@emnapi/wasi-threads": "npm:1.2.2"
    tslib: "npm:^2.4.0"
  checksum: 10/9aba37e0c11a75ef8372fd0a9c6e5396f4e8c1ebdd6fee737414787610a9dc1cd9bf188f525153561ca9363896e1135dd240f1ce28f3470dba3ad7e683e6db1a
  languageName: node
  linkType: hard

"@emnapi/runtime@npm:1.11.1":
  version: 1.11.1
  resolution: "@emnapi/runtime@npm:1.11.1"
  dependencies:
    tslib: "npm:^2.4.0"
  checksum: 10/8f7c622a49314df4d07952110e108e83b0fe129a8ddb9ef1e0ae372d754616169d5b0dd47a0d354a0fea2612abe42cedb582d15916936d1320c6c468acc804cc
  languageName: node
  linkType: hard

"@emnapi/wasi-threads@npm:1.2.2":
  version: 1.2.2
  resolution: "@emnapi/wasi-threads@npm:1.2.2"
  dependencies:
    tslib: "npm:^2.4.0"
  checksum: 10/297fb6b1d89744bd0b41d5fec32bade05dc8dcf1f70eba86527226609fb3f6ad3fa96b3b2377b7449709715b3bd1569654c9def1dbbc85fb6b9cb0cff5bc5ebf
  languageName: node
  linkType: hard

"@isaacs/fs-minipass@npm:^4.0.0":
  version: 4.0.1
  resolution: "@isaacs/fs-minipass@npm:4.0.1"
  dependencies:
    minipass: "npm:^7.0.4"
  checksum: 10/4412e9e6713c89c1e66d80bb0bb5a2a93192f10477623a27d08f228ba0316bb880affabc5bfe7f838f58a34d26c2c190da726e576cdfc18c49a72e89adabdcf5
  languageName: node
  linkType: hard

"@jridgewell/sourcemap-codec@npm:^1.5.5":
  version: 1.5.5
  resolution: "@jridgewell/sourcemap-codec@npm:1.5.5"
  checksum: 10/5d9d207b462c11e322d71911e55e21a4e2772f71ffe8d6f1221b8eb5ae6774458c1d242f897fb0814e8714ca9a6b498abfa74dfe4f434493342902b1a48b33a5
  languageName: node
  linkType: hard

"@napi-rs/wasm-runtime@npm:^1.1.6":
  version: 1.1.6
  resolution: "@napi-rs/wasm-runtime@npm:1.1.6"
  dependencies:
    "@tybys/wasm-util": "npm:^0.10.3"
  peerDependencies:
    "@emnapi/core": ^1.7.1
    "@emnapi/runtime": ^1.7.1
  checksum: 10/3e43425df17547d9d58ab69cce8e6cef38a062eccec4d2def5fc9e10e81cd19ae228b3ab9be4b149b57078d33913687511312d2414089877759b7db1f43625ba
  languageName: node
  linkType: hard

"@oxc-project/types@npm:=0.139.0":
  version: 0.139.0
  resolution: "@oxc-project/types@npm:0.139.0"
  checksum: 10/7f5e958bf700c1777737f0b27fe2a207fd9ff6494e2ec7529d20d7b1d2c668f7687182d490e72d59a58dd9c176f7cacc3938e824b3e664e4d6e5ce4e0ff44872
  languageName: node
  linkType: hard

"@rolldown/binding-android-arm64@npm:1.1.5":
  version: 1.1.5
  resolution: "@rolldown/binding-android-arm64@npm:1.1.5"
  conditions: os=android & cpu=arm64
  languageName: node
  linkType: hard

"@rolldown/binding-darwin-arm64@npm:1.1.5":
  version: 1.1.5
  resolution: "@rolldown/binding-darwin-arm64@npm:1.1.5"
  conditions: os=darwin & cpu=arm64
  languageName: node
  linkType: hard

"@rolldown/binding-darwin-x64@npm:1.1.5":
  version: 1.1.5
  resolution: "@rolldown/binding-darwin-x64@npm:1.1.5"
  conditions: os=darwin & cpu=x64
  languageName: node
  linkType: hard

"@rolldown/binding-freebsd-x64@npm:1.1.5":
  version: 1.1.5
  resolution: "@rolldown/binding-freebsd-x64@npm:1.1.5"
  conditions: os=freebsd & cpu=x64
  languageName: node
  linkType: hard

"@rolldown/binding-linux-arm-gnueabihf@npm:1.1.5":
  version: 1.1.5
  resolution: "@rolldown/binding-linux-arm-gnueabihf@npm:1.1.5"
  conditions: os=linux & cpu=arm
  languageName: node
  linkType: hard

"@rolldown/binding-linux-arm64-gnu@npm:1.1.5":
  version: 1.1.5
  resolution: "@rolldown/binding-linux-arm64-gnu@npm:1.1.5"
  conditions: os=linux & cpu=arm64 & libc=glibc
  languageName: node
  linkType: hard

"@rolldown/binding-linux-arm64-musl@npm:1.1.5":
  version: 1.1.5
  resolution: "@rolldown/binding-linux-arm64-musl@npm:1.1.5"
  conditions: os=linux & cpu=arm64 & libc=musl
  languageName: node
  linkType: hard

"@rolldown/binding-linux-ppc64-gnu@npm:1.1.5":
  version: 1.1.5
  resolution: "@rolldown/binding-linux-ppc64-gnu@npm:1.1.5"
  conditions: os=linux & cpu=ppc64 & libc=glibc
  languageName: node
  linkType: hard

"@rolldown/binding-linux-s390x-gnu@npm:1.1.5":
  version: 1.1.5
  resolution: "@rolldown/binding-linux-s390x-gnu@npm:1.1.5"
  conditions: os=linux & cpu=s390x & libc=glibc
  languageName: node
  linkType: hard

"@rolldown/binding-linux-x64-gnu@npm:1.1.5":
  version: 1.1.5
  resolution: "@rolldown/binding-linux-x64-gnu@npm:1.1.5"
  conditions: os=linux & cpu=x64 & libc=glibc
  languageName: node
  linkType: hard

"@rolldown/binding-linux-x64-musl@npm:1.1.5":
  version: 1.1.5
  resolution: "@rolldown/binding-linux-x64-musl@npm:1.1.5"
  conditions: os=linux & cpu=x64 & libc=musl
  languageName: node
  linkType: hard

"@rolldown/binding-openharmony-arm64@npm:1.1.5":
  version: 1.1.5
  resolution: "@rolldown/binding-openharmony-arm64@npm:1.1.5"
  conditions: os=openharmony & cpu=arm64
  languageName: node
  linkType: hard

"@rolldown/binding-wasm32-wasi@npm:1.1.5":
  version: 1.1.5
  resolution: "@rolldown/binding-wasm32-wasi@npm:1.1.5"
  dependencies:
    "@emnapi/core": "npm:1.11.1"
    "@emnapi/runtime": "npm:1.11.1"
    "@napi-rs/wasm-runtime": "npm:^1.1.6"
  conditions: cpu=wasm32
  languageName: node
  linkType: hard

"@rolldown/binding-win32-arm64-msvc@npm:1.1.5":
  version: 1.1.5
  resolution: "@rolldown/binding-win32-arm64-msvc@npm:1.1.5"
  conditions: os=win32 & cpu=arm64
  languageName: node
  linkType: hard

"@rolldown/binding-win32-x64-msvc@npm:1.1.5":
  version: 1.1.5
  resolution: "@rolldown/binding-win32-x64-msvc@npm:1.1.5"
  conditions: os=win32 & cpu=x64
  languageName: node
  linkType: hard

"@rolldown/pluginutils@npm:^1.0.0":
  version: 1.0.1
  resolution: "@rolldown/pluginutils@npm:1.0.1"
  checksum: 10/4e95cf9ce23d75e5aa03ea0249cd86f7d1e21f83fbf6f8520e4edd8a251ba1b82c4ba9bc13cd24b6c4661daec6225b06e6d35c64c604e731b230b2a49af47d05
  languageName: node
  linkType: hard

"@standard-schema/spec@npm:^1.1.0":
  version: 1.1.0
  resolution: "@standard-schema/spec@npm:1.1.0"
  checksum: 10/a209615c9e8b2ea535d7db0a5f6aa0f962fd4ab73ee86a46c100fb78116964af1f55a27c1794d4801e534a196794223daa25ff5135021e03c7828aa3d95e1763
  languageName: node
  linkType: hard

"@tomelist/schema@workspace:packages/schema":
  version: 0.0.0-use.local
  resolution: "@tomelist/schema@workspace:packages/schema"
  dependencies:
    typescript: "npm:5"
    vitest: "npm:^4.1.10"
    zod: "npm:^4.4.3"
  languageName: unknown
  linkType: soft

"@tybys/wasm-util@npm:^0.10.3":
  version: 0.10.3
  resolution: "@tybys/wasm-util@npm:0.10.3"
  dependencies:
    tslib: "npm:^2.4.0"
  checksum: 10/6cf39f7a2926b1c8bc6fe3f9f03318a33dd6dae81bdbd059983f9c6ee22d10a827f12564d648c05a2d4926e03c86cbe2799fb20609ee65e9efc39603039b4765
  languageName: node
  linkType: hard

"@types/chai@npm:^5.2.2":
  version: 5.2.3
  resolution: "@types/chai@npm:5.2.3"
  dependencies:
    "@types/deep-eql": "npm:*"
    assertion-error: "npm:^2.0.1"
  checksum: 10/e79947307dc235953622e65f83d2683835212357ca261389116ab90bed369ac862ba28b146b4fed08b503ae1e1a12cb93ce783f24bb8d562950469f4320e1c7c
  languageName: node
  linkType: hard

"@types/deep-eql@npm:*":
  version: 4.0.2
  resolution: "@types/deep-eql@npm:4.0.2"
  checksum: 10/249a27b0bb22f6aa28461db56afa21ec044fa0e303221a62dff81831b20c8530502175f1a49060f7099e7be06181078548ac47c668de79ff9880241968d43d0c
  languageName: node
  linkType: hard

"@types/estree@npm:^1.0.0":
  version: 1.0.9
  resolution: "@types/estree@npm:1.0.9"
  checksum: 10/16aabfa703b5bdac83f719b07ce92a11b2d3c9b8628eacc92889d8af46cab2d78fc45c7b5378de383d0500585cea5c2f79125eeddfe5fbc6bd6a27eb0c8ccee5
  languageName: node
  linkType: hard

"@vitest/expect@npm:4.1.10":
  version: 4.1.10
  resolution: "@vitest/expect@npm:4.1.10"
  dependencies:
    "@standard-schema/spec": "npm:^1.1.0"
    "@types/chai": "npm:^5.2.2"
    "@vitest/spy": "npm:4.1.10"
    "@vitest/utils": "npm:4.1.10"
    chai: "npm:^6.2.2"
    tinyrainbow: "npm:^3.1.0"
  checksum: 10/487fcad404a68968a54ae5fb9d099f12170cd793420a04b34a5606516317090c50a8303ab687c70166ee181864e3e138941d4a96d0405434dcd37696b3105350
  languageName: node
  linkType: hard

"@vitest/mocker@npm:4.1.10":
  version: 4.1.10
  resolution: "@vitest/mocker@npm:4.1.10"
  dependencies:
    "@vitest/spy": "npm:4.1.10"
    estree-walker: "npm:^3.0.3"
    magic-string: "npm:^0.30.21"
  peerDependencies:
    msw: ^2.4.9
    vite: ^6.0.0 || ^7.0.0 || ^8.0.0
  peerDependenciesMeta:
    msw:
      optional: true
    vite:
      optional: true
  checksum: 10/ae9645d1bcdad3ab7de7182feb4f1c9148a5ff97cef19581eec9257112aace94889eee9a1ad12e40ce59453ac05f52453b5fdb49ff76a31af8ccdbaaa4471ef3
  languageName: node
  linkType: hard

"@vitest/pretty-format@npm:4.1.10":
  version: 4.1.10
  resolution: "@vitest/pretty-format@npm:4.1.10"
  dependencies:
    tinyrainbow: "npm:^3.1.0"
  checksum: 10/e4f6907143ab0e40dda29d70b17027586c92921d622091321f10512e660b3995dcee7aa56e17b750b72560f295e25f96035372348415f18ebfd39b66a55b4704
  languageName: node
  linkType: hard

"@vitest/runner@npm:4.1.10":
  version: 4.1.10
  resolution: "@vitest/runner@npm:4.1.10"
  dependencies:
    "@vitest/utils": "npm:4.1.10"
    pathe: "npm:^2.0.3"
  checksum: 10/2c962cb13af0880990036808a35679b7ac6657c8f542490234c2faa6ffd2ab080ac6bf21b487c64d84aa635cfb37b49eb679098c2003a100dfc6c4d5e87bf055
  languageName: node
  linkType: hard

"@vitest/snapshot@npm:4.1.10":
  version: 4.1.10
  resolution: "@vitest/snapshot@npm:4.1.10"
  dependencies:
    "@vitest/pretty-format": "npm:4.1.10"
    "@vitest/utils": "npm:4.1.10"
    magic-string: "npm:^0.30.21"
    pathe: "npm:^2.0.3"
  checksum: 10/7940d83ffd2fbebf9a04ea31e196b7e8bf981093ec739950959fe8dd29caa33c80823780fb4b1063d9459c44a0a8d8b2748c00dfb6941becd7404e6d687eea01
  languageName: node
  linkType: hard

"@vitest/spy@npm:4.1.10":
  version: 4.1.10
  resolution: "@vitest/spy@npm:4.1.10"
  checksum: 10/7c1b79a95474338e0659f0f2e43be4df1ef7939ff5b37b044954e0287582947803bd417508f44a7f244809672309d9b3dd67660b704ec3fe7f323cc958ae47a3
  languageName: node
  linkType: hard

"@vitest/utils@npm:4.1.10":
  version: 4.1.10
  resolution: "@vitest/utils@npm:4.1.10"
  dependencies:
    "@vitest/pretty-format": "npm:4.1.10"
    convert-source-map: "npm:^2.0.0"
    tinyrainbow: "npm:^3.1.0"
  checksum: 10/95484aad55c7b00bbcd4963e27cbb86fe207620a6093973d68da9d0a06bad37c388d84c9ab43d5f35d88e46c8f376a5592d9c54c025c958361160f4802bb25ee
  languageName: node
  linkType: hard

"abbrev@npm:^5.0.0":
  version: 5.0.0
  resolution: "abbrev@npm:5.0.0"
  checksum: 10/a32641fb7a8ba0ad6f65efda80a632c965a2567f52c988897bffc47f473c4e9c3f0166de19d939866b1ed58ec50ce36f697d54a476589ca2706f8b5605ed41f0
  languageName: node
  linkType: hard

"assertion-error@npm:^2.0.1":
  version: 2.0.1
  resolution: "assertion-error@npm:2.0.1"
  checksum: 10/a0789dd882211b87116e81e2648ccb7f60340b34f19877dd020b39ebb4714e475eb943e14ba3e22201c221ef6645b7bfe10297e76b6ac95b48a9898c1211ce66
  languageName: node
  linkType: hard

"chai@npm:^6.2.2":
  version: 6.2.2
  resolution: "chai@npm:6.2.2"
  checksum: 10/13cda42cc40aa46da04a41cf7e5c61df6b6ae0b4e8a8c8b40e04d6947e4d7951377ea8c14f9fa7fe5aaa9e8bd9ba414f11288dc958d4cee6f5221b9436f2778f
  languageName: node
  linkType: hard

"chownr@npm:^3.0.0":
  version: 3.0.0
  resolution: "chownr@npm:3.0.0"
  checksum: 10/b63cb1f73d171d140a2ed8154ee6566c8ab775d3196b0e03a2a94b5f6a0ce7777ee5685ca56849403c8d17bd457a6540672f9a60696a6137c7a409097495b82c
  languageName: node
  linkType: hard

"convert-source-map@npm:^2.0.0":
  version: 2.0.0
  resolution: "convert-source-map@npm:2.0.0"
  checksum: 10/c987be3ec061348cdb3c2bfb924bec86dea1eacad10550a85ca23edb0fe3556c3a61c7399114f3331ccb3499d7fd0285ab24566e5745929412983494c3926e15
  languageName: node
  linkType: hard

"detect-libc@npm:^2.0.3":
  version: 2.1.2
  resolution: "detect-libc@npm:2.1.2"
  checksum: 10/b736c8d97d5d46164c0d1bed53eb4e6a3b1d8530d460211e2d52f1c552875e706c58a5376854e4e54f8b828c9cada58c855288c968522eb93ac7696d65970766
  languageName: node
  linkType: hard

"env-paths@npm:^2.2.0":
  version: 2.2.1
  resolution: "env-paths@npm:2.2.1"
  checksum: 10/65b5df55a8bab92229ab2b40dad3b387fad24613263d103a97f91c9fe43ceb21965cd3392b1ccb5d77088021e525c4e0481adb309625d0cb94ade1d1fb8dc17e
  languageName: node
  linkType: hard

"es-module-lexer@npm:^2.0.0":
  version: 2.3.0
  resolution: "es-module-lexer@npm:2.3.0"
  checksum: 10/daf73d870758116a84ba5801ec297c891837f482bb0b9836a431e5b71965a544e909d9cb6a5887f7e08d23dd20ad13838e569c7029413da88402b9ea567f3afe
  languageName: node
  linkType: hard

"estree-walker@npm:^3.0.3":
  version: 3.0.3
  resolution: "estree-walker@npm:3.0.3"
  dependencies:
    "@types/estree": "npm:^1.0.0"
  checksum: 10/a65728d5727b71de172c5df323385755a16c0fdab8234dc756c3854cfee343261ddfbb72a809a5660fac8c75d960bb3e21aa898c2d7e9b19bb298482ca58a3af
  languageName: node
  linkType: hard

"expect-type@npm:^1.3.0":
  version: 1.4.0
  resolution: "expect-type@npm:1.4.0"
  checksum: 10/bad91f4b7eb807248695ee840a935d12818fe531ad523bc7ac7dcc540a4d86dc566a3ef829f4da6e8b5a458ac84092771739865114c91e7e8a9317302f401f09
  languageName: node
  linkType: hard

"exponential-backoff@npm:^3.1.1":
  version: 3.1.3
  resolution: "exponential-backoff@npm:3.1.3"
  checksum: 10/ca25962b4bbab943b7c4ed0b5228e263833a5063c65e1cdeac4be9afad350aae5466e8e619b5051f4f8d37b2144a2d6e8fcc771b6cc82934f7dade2f964f652c
  languageName: node
  linkType: hard

"fdir@npm:^6.5.0":
  version: 6.5.0
  resolution: "fdir@npm:6.5.0"
  peerDependencies:
    picomatch: ^3 || ^4
  peerDependenciesMeta:
    picomatch:
      optional: true
  checksum: 10/14ca1c9f0a0e8f4f2e9bf4e8551065a164a09545dae548c12a18d238b72e51e5a7b39bd8e5494b56463a0877672d0a6c1ef62c6fa0677db1b0c847773be939b1
  languageName: node
  linkType: hard

"fsevents@npm:~2.3.3":
  version: 2.3.3
  resolution: "fsevents@npm:2.3.3"
  dependencies:
    node-gyp: "npm:latest"
  checksum: 10/4c1ade961ded57cdbfbb5cac5106ec17bc8bccd62e16343c569a0ceeca83b9dfef87550b4dc5cbb89642da412b20c5071f304c8c464b80415446e8e155a038c0
  conditions: os=darwin
  languageName: node
  linkType: hard

"fsevents@patch:fsevents@npm%3A~2.3.3#optional!builtin<compat/fsevents>":
  version: 2.3.3
  resolution: "fsevents@patch:fsevents@npm%3A2.3.3#optional!builtin<compat/fsevents>::version=2.3.3&hash=df0bf1"
  dependencies:
    node-gyp: "npm:latest"
  conditions: os=darwin
  languageName: node
  linkType: hard

"graceful-fs@npm:^4.2.6":
  version: 4.2.11
  resolution: "graceful-fs@npm:4.2.11"
  checksum: 10/bf152d0ed1dc159239db1ba1f74fdbc40cb02f626770dcd5815c427ce0688c2635a06ed69af364396da4636d0408fcf7d4afdf7881724c3307e46aff30ca49e2
  languageName: node
  linkType: hard

"isexe@npm:^4.0.0":
  version: 4.0.0
  resolution: "isexe@npm:4.0.0"
  checksum: 10/2ead327ef596042ef9c9ec5f236b316acfaedb87f4bb61b3c3d574fb2e9c8a04b67305e04733bde52c24d9622fdebd3270aadb632adfbf9cadef88fe30f479e5
  languageName: node
  linkType: hard

"lightningcss-android-arm64@npm:1.32.0":
  version: 1.32.0
  resolution: "lightningcss-android-arm64@npm:1.32.0"
  conditions: os=android & cpu=arm64
  languageName: node
  linkType: hard

"lightningcss-darwin-arm64@npm:1.32.0":
  version: 1.32.0
  resolution: "lightningcss-darwin-arm64@npm:1.32.0"
  conditions: os=darwin & cpu=arm64
  languageName: node
  linkType: hard

"lightningcss-darwin-x64@npm:1.32.0":
  version: 1.32.0
  resolution: "lightningcss-darwin-x64@npm:1.32.0"
  conditions: os=darwin & cpu=x64
  languageName: node
  linkType: hard

"lightningcss-freebsd-x64@npm:1.32.0":
  version: 1.32.0
  resolution: "lightningcss-freebsd-x64@npm:1.32.0"
  conditions: os=freebsd & cpu=x64
  languageName: node
  linkType: hard

"lightningcss-linux-arm-gnueabihf@npm:1.32.0":
  version: 1.32.0
  resolution: "lightningcss-linux-arm-gnueabihf@npm:1.32.0"
  conditions: os=linux & cpu=arm
  languageName: node
  linkType: hard

"lightningcss-linux-arm64-gnu@npm:1.32.0":
  version: 1.32.0
  resolution: "lightningcss-linux-arm64-gnu@npm:1.32.0"
  conditions: os=linux & cpu=arm64 & libc=glibc
  languageName: node
  linkType: hard

"lightningcss-linux-arm64-musl@npm:1.32.0":
  version: 1.32.0
  resolution: "lightningcss-linux-arm64-musl@npm:1.32.0"
  conditions: os=linux & cpu=arm64 & libc=musl
  languageName: node
  linkType: hard

"lightningcss-linux-x64-gnu@npm:1.32.0":
  version: 1.32.0
  resolution: "lightningcss-linux-x64-gnu@npm:1.32.0"
  conditions: os=linux & cpu=x64 & libc=glibc
  languageName: node
  linkType: hard

"lightningcss-linux-x64-musl@npm:1.32.0":
  version: 1.32.0
  resolution: "lightningcss-linux-x64-musl@npm:1.32.0"
  conditions: os=linux & cpu=x64 & libc=musl
  languageName: node
  linkType: hard

"lightningcss-win32-arm64-msvc@npm:1.32.0":
  version: 1.32.0
  resolution: "lightningcss-win32-arm64-msvc@npm:1.32.0"
  conditions: os=win32 & cpu=arm64
  languageName: node
  linkType: hard

"lightningcss-win32-x64-msvc@npm:1.32.0":
  version: 1.32.0
  resolution: "lightningcss-win32-x64-msvc@npm:1.32.0"
  conditions: os=win32 & cpu=x64
  languageName: node
  linkType: hard

"lightningcss@npm:^1.32.0":
  version: 1.32.0
  resolution: "lightningcss@npm:1.32.0"
  dependencies:
    detect-libc: "npm:^2.0.3"
    lightningcss-android-arm64: "npm:1.32.0"
    lightningcss-darwin-arm64: "npm:1.32.0"
    lightningcss-darwin-x64: "npm:1.32.0"
    lightningcss-freebsd-x64: "npm:1.32.0"
    lightningcss-linux-arm-gnueabihf: "npm:1.32.0"
    lightningcss-linux-arm64-gnu: "npm:1.32.0"
    lightningcss-linux-arm64-musl: "npm:1.32.0"
    lightningcss-linux-x64-gnu: "npm:1.32.0"
    lightningcss-linux-x64-musl: "npm:1.32.0"
    lightningcss-win32-arm64-msvc: "npm:1.32.0"
    lightningcss-win32-x64-msvc: "npm:1.32.0"
  dependenciesMeta:
    lightningcss-android-arm64:
      optional: true
    lightningcss-darwin-arm64:
      optional: true
    lightningcss-darwin-x64:
      optional: true
    lightningcss-freebsd-x64:
      optional: true
    lightningcss-linux-arm-gnueabihf:
      optional: true
    lightningcss-linux-arm64-gnu:
      optional: true
    lightningcss-linux-arm64-musl:
      optional: true
    lightningcss-linux-x64-gnu:
      optional: true
    lightningcss-linux-x64-musl:
      optional: true
    lightningcss-win32-arm64-msvc:
      optional: true
    lightningcss-win32-x64-msvc:
      optional: true
  checksum: 10/098e61007f0d0ec8b5c50884e33b543b551d1ff21bc7b062434b6638fd0b8596858f823b60dfc2a4aa756f3cb120ad79f2b7f4a55b1bda2c0269ab8cf476f114
  languageName: node
  linkType: hard

"magic-string@npm:^0.30.21":
  version: 0.30.21
  resolution: "magic-string@npm:0.30.21"
  dependencies:
    "@jridgewell/sourcemap-codec": "npm:^1.5.5"
  checksum: 10/57d5691f41ed40d962d8bd300148114f53db67fadbff336207db10a99f2bdf4a1be9cac3a68ee85dba575912ee1d4402e4396408196ec2d3afd043b076156221
  languageName: node
  linkType: hard

"minipass@npm:^7.0.4, minipass@npm:^7.1.2":
  version: 7.1.3
  resolution: "minipass@npm:7.1.3"
  checksum: 10/175e4d5e20980c3cd316ae82d2c031c42f6c746467d8b1905b51060a0ba4461441a0c25bb67c025fd9617f9a3873e152c7b543c6b5ac83a1846be8ade80dffd6
  languageName: node
  linkType: hard

"minizlib@npm:^3.1.0":
  version: 3.1.0
  resolution: "minizlib@npm:3.1.0"
  dependencies:
    minipass: "npm:^7.1.2"
  checksum: 10/f47365cc2cb7f078cbe7e046eb52655e2e7e97f8c0a9a674f4da60d94fb0624edfcec9b5db32e8ba5a99a5f036f595680ae6fe02a262beaa73026e505cc52f99
  languageName: node
  linkType: hard

"nanoid@npm:^3.3.12":
  version: 3.3.15
  resolution: "nanoid@npm:3.3.15"
  bin:
    nanoid: bin/nanoid.cjs
  checksum: 10/13c74a5208d455286f7af46f42ac9f3d7b821b8a719aff8dbd5ad3fb80399c0c63cdd1e92d046ea576e403bec05262fbb7e116beb4cfcd5b5483550372bd94b1
  languageName: node
  linkType: hard

"node-gyp@npm:latest":
  version: 13.0.1
  resolution: "node-gyp@npm:13.0.1"
  dependencies:
    env-paths: "npm:^2.2.0"
    exponential-backoff: "npm:^3.1.1"
    graceful-fs: "npm:^4.2.6"
    nopt: "npm:^10.0.0"
    proc-log: "npm:^7.0.0"
    semver: "npm:^7.3.5"
    tar: "npm:^7.5.4"
    tinyglobby: "npm:^0.2.12"
    undici: "npm:^8.4.1"
    which: "npm:^7.0.0"
  bin:
    node-gyp: bin/node-gyp.js
  checksum: 10/227ad4aaa7cda1b5d3bc20a58e36d354e400db9b0682a6540ce8e9aa530a56feec963100d7c449ccfcd85efd850383c9988b62a1d95dadef246117be42c78316
  languageName: node
  linkType: hard

"nopt@npm:^10.0.0":
  version: 10.0.1
  resolution: "nopt@npm:10.0.1"
  dependencies:
    abbrev: "npm:^5.0.0"
  bin:
    nopt: bin/nopt.js
  checksum: 10/8021371365e78a2cbab015cac50d8449aa2cc411f0b8f2edb466c1336c3dfee4e61c5bf5bde22ee7dcea80d5f4510a7a8705ed3646c8d782f28b550c62bc4fdf
  languageName: node
  linkType: hard

"obug@npm:^2.1.1":
  version: 2.1.3
  resolution: "obug@npm:2.1.3"
  checksum: 10/574e5c3d3def75440c54c29ce8a6d82a5698116962d2f9f28fb13f6fd5dbcc01b7df1b8e02a95f816c8dba482dcf315d9c5c97d9e718516cfea8bd6c896dcf67
  languageName: node
  linkType: hard

"pathe@npm:^2.0.3":
  version: 2.0.3
  resolution: "pathe@npm:2.0.3"
  checksum: 10/01e9a69928f39087d96e1751ce7d6d50da8c39abf9a12e0ac2389c42c83bc76f78c45a475bd9026a02e6a6f79be63acc75667df855862fe567d99a00a540d23d
  languageName: node
  linkType: hard

"picocolors@npm:^1.1.1":
  version: 1.1.1
  resolution: "picocolors@npm:1.1.1"
  checksum: 10/e1cf46bf84886c79055fdfa9dcb3e4711ad259949e3565154b004b260cd356c5d54b31a1437ce9782624bf766272fe6b0154f5f0c744fb7af5d454d2b60db045
  languageName: node
  linkType: hard

"picomatch@npm:^4.0.3, picomatch@npm:^4.0.4, picomatch@npm:^4.0.5":
  version: 4.0.5
  resolution: "picomatch@npm:4.0.5"
  checksum: 10/8bad770af9dcdb7f94ad1a893adcbe08a97d75a18872f8fed37161d3124217471c402b3929f051532f795f4ff2e53dcebb1644df4c1a5f3a9c476fef3b9f8c51
  languageName: node
  linkType: hard

"postcss@npm:^8.5.16":
  version: 8.5.16
  resolution: "postcss@npm:8.5.16"
  dependencies:
    nanoid: "npm:^3.3.12"
    picocolors: "npm:^1.1.1"
    source-map-js: "npm:^1.2.1"
  checksum: 10/b39408900aa394bce6f567d539b7361e71c07f361313e5b01e40481c5120309a570e7a54c6a0c6ea5f0c0c06ff8c12b560beeebcc29ea173ad42ec74bae86069
  languageName: node
  linkType: hard

"proc-log@npm:^7.0.0":
  version: 7.0.0
  resolution: "proc-log@npm:7.0.0"
  checksum: 10/97cd9f4a8a0d84e42ee91e106e5ba5edcb954521e8dbe26ee6ad31396e5c12cc2be5e5b6be7b53fa5a69959afbacd32719106e2d6f45802e34b31d9a3a01ec20
  languageName: node
  linkType: hard

"rolldown@npm:~1.1.4":
  version: 1.1.5
  resolution: "rolldown@npm:1.1.5"
  dependencies:
    "@oxc-project/types": "npm:=0.139.0"
    "@rolldown/binding-android-arm64": "npm:1.1.5"
    "@rolldown/binding-darwin-arm64": "npm:1.1.5"
    "@rolldown/binding-darwin-x64": "npm:1.1.5"
    "@rolldown/binding-freebsd-x64": "npm:1.1.5"
    "@rolldown/binding-linux-arm-gnueabihf": "npm:1.1.5"
    "@rolldown/binding-linux-arm64-gnu": "npm:1.1.5"
    "@rolldown/binding-linux-arm64-musl": "npm:1.1.5"
    "@rolldown/binding-linux-ppc64-gnu": "npm:1.1.5"
    "@rolldown/binding-linux-s390x-gnu": "npm:1.1.5"
    "@rolldown/binding-linux-x64-gnu": "npm:1.1.5"
    "@rolldown/binding-linux-x64-musl": "npm:1.1.5"
    "@rolldown/binding-openharmony-arm64": "npm:1.1.5"
    "@rolldown/binding-wasm32-wasi": "npm:1.1.5"
    "@rolldown/binding-win32-arm64-msvc": "npm:1.1.5"
    "@rolldown/binding-win32-x64-msvc": "npm:1.1.5"
    "@rolldown/pluginutils": "npm:^1.0.0"
  dependenciesMeta:
    "@rolldown/binding-android-arm64":
      optional: true
    "@rolldown/binding-darwin-arm64":
      optional: true
    "@rolldown/binding-darwin-x64":
      optional: true
    "@rolldown/binding-freebsd-x64":
      optional: true
    "@rolldown/binding-linux-arm-gnueabihf":
      optional: true
    "@rolldown/binding-linux-arm64-gnu":
      optional: true
    "@rolldown/binding-linux-arm64-musl":
      optional: true
    "@rolldown/binding-linux-ppc64-gnu":
      optional: true
    "@rolldown/binding-linux-s390x-gnu":
      optional: true
    "@rolldown/binding-linux-x64-gnu":
      optional: true
    "@rolldown/binding-linux-x64-musl":
      optional: true
    "@rolldown/binding-openharmony-arm64":
      optional: true
    "@rolldown/binding-wasm32-wasi":
      optional: true
    "@rolldown/binding-win32-arm64-msvc":
      optional: true
    "@rolldown/binding-win32-x64-msvc":
      optional: true
  bin:
    rolldown: ./bin/cli.mjs
  checksum: 10/a2c90a68751591fe6e05952d3dc5c92e8cef18511568af43912fc95ebd2c1a1ee9650df9c998a6a66a2f5aa5e02853b66bbc255ab38ef62f86fa8af925a669f9
  languageName: node
  linkType: hard

"semver@npm:^7.3.5":
  version: 7.8.5
  resolution: "semver@npm:7.8.5"
  bin:
    semver: bin/semver.js
  checksum: 10/9b01d2ff11e6e4a4539b7ca3c5f280c8704cb397a28504469f2ed4f00ad2194748d756647362a9712fff30984d15772ab7f083108c2fb508e2096ae9e708f22c
  languageName: node
  linkType: hard

"siginfo@npm:^2.0.0":
  version: 2.0.0
  resolution: "siginfo@npm:2.0.0"
  checksum: 10/e93ff66c6531a079af8fb217240df01f980155b5dc408d2d7bebc398dd284e383eb318153bf8acd4db3c4fe799aa5b9a641e38b0ba3b1975700b1c89547ea4e7
  languageName: node
  linkType: hard

"source-map-js@npm:^1.2.1":
  version: 1.2.1
  resolution: "source-map-js@npm:1.2.1"
  checksum: 10/ff9d8c8bf096d534a5b7707e0382ef827b4dd360a577d3f34d2b9f48e12c9d230b5747974ee7c607f0df65113732711bb701fe9ece3c7edbd43cb2294d707df3
  languageName: node
  linkType: hard

"stackback@npm:0.0.2":
  version: 0.0.2
  resolution: "stackback@npm:0.0.2"
  checksum: 10/2d4dc4e64e2db796de4a3c856d5943daccdfa3dd092e452a1ce059c81e9a9c29e0b9badba91b43ef0d5ff5c04ee62feb3bcc559a804e16faf447bac2d883aa99
  languageName: node
  linkType: hard

"std-env@npm:^4.0.0-rc.1":
  version: 4.2.0
  resolution: "std-env@npm:4.2.0"
  checksum: 10/d30c3ae49c5568b4e61dca628eaafe12944dbcfe76980e5b1b1499b48e23f85f1ee01fe2306eeef5964a80b763948bbf2ba40490bc53709f45cf989071c9e4e7
  languageName: node
  linkType: hard

"tar@npm:^7.5.4":
  version: 7.5.19
  resolution: "tar@npm:7.5.19"
  dependencies:
    "@isaacs/fs-minipass": "npm:^4.0.0"
    chownr: "npm:^3.0.0"
    minipass: "npm:^7.1.2"
    minizlib: "npm:^3.1.0"
    yallist: "npm:^5.0.0"
  checksum: 10/0b06a0917fe68a4dff361e147db30fd67ae2ee85ab2863d62046a6ccef46f0d1906eed20f92277a436300eaaa0e3cd31d8763d7f02fa389f41d7966e58388db8
  languageName: node
  linkType: hard

"tinybench@npm:^2.9.0":
  version: 2.9.0
  resolution: "tinybench@npm:2.9.0"
  checksum: 10/cfa1e1418e91289219501703c4693c70708c91ffb7f040fd318d24aef419fb5a43e0c0160df9471499191968b2451d8da7f8087b08c3133c251c40d24aced06c
  languageName: node
  linkType: hard

"tinyexec@npm:^1.0.2":
  version: 1.2.4
  resolution: "tinyexec@npm:1.2.4"
  checksum: 10/f20b3e6f56f24c3ebe0129d0b6e657e561d225df2cf93c1a10362996232dd6ad4b8af8c9e81d258a64d09020e723772baf6fe0be26512dba7c61bb366d67b1f9
  languageName: node
  linkType: hard

"tinyglobby@npm:^0.2.12, tinyglobby@npm:^0.2.15, tinyglobby@npm:^0.2.17":
  version: 0.2.17
  resolution: "tinyglobby@npm:0.2.17"
  dependencies:
    fdir: "npm:^6.5.0"
    picomatch: "npm:^4.0.4"
  checksum: 10/f85e8a217d675c3f78d5f0ad25ea4557e7e023ed13ddc2b014da10bd0312eea53a34cd52356af07ccdff777f1243012547656282a4ca70936f68bf5065fbaa71
  languageName: node
  linkType: hard

"tinyrainbow@npm:^3.1.0":
  version: 3.1.0
  resolution: "tinyrainbow@npm:3.1.0"
  checksum: 10/4c2c01dde1e5bb9a74973daaae141d4d733d246280b2f9a7f6a9e7dd8e940d48b2580a6086125278777897bc44635d6ccec5f9f563c2179dd2129f4542d0ec05
  languageName: node
  linkType: hard

"tomelist-monorepo@workspace:.":
  version: 0.0.0-use.local
  resolution: "tomelist-monorepo@workspace:."
  languageName: unknown
  linkType: soft

"tslib@npm:^2.4.0":
  version: 2.8.1
  resolution: "tslib@npm:2.8.1"
  checksum: 10/3e2e043d5c2316461cb54e5c7fe02c30ef6dccb3384717ca22ae5c6b5bc95232a6241df19c622d9c73b809bea33b187f6dbc73030963e29950c2141bc32a79f7
  languageName: node
  linkType: hard

"typescript@npm:5":
  version: 5.9.3
  resolution: "typescript@npm:5.9.3"
  bin:
    tsc: bin/tsc
    tsserver: bin/tsserver
  checksum: 10/c089d9d3da2729fd4ac517f9b0e0485914c4b3c26f80dc0cffcb5de1719a17951e92425d55db59515c1a7ddab65808466debb864d0d56dcf43f27007d0709594
  languageName: node
  linkType: hard

"typescript@patch:typescript@npm%3A5#optional!builtin<compat/typescript>":
  version: 5.9.3
  resolution: "typescript@patch:typescript@npm%3A5.9.3#optional!builtin<compat/typescript>::version=5.9.3&hash=5786d5"
  bin:
    tsc: bin/tsc
    tsserver: bin/tsserver
  checksum: 10/696e1b017bc2635f4e0c94eb4435357701008e2f272f553d06e35b494b8ddc60aa221145e286c28ace0c89ee32827a28c2040e3a69bdc108b1a5dc8fb40b72e3
  languageName: node
  linkType: hard

"undici@npm:^8.4.1":
  version: 8.7.0
  resolution: "undici@npm:8.7.0"
  checksum: 10/e9644903bda97f825228b4c7bee95b3586609f94df685b598c32bdaf3ac795928cbd25b0ed2690c3ea0b5abd324f5a9641b63b6c81c9b19f3ef4d5b3e402a48c
  languageName: node
  linkType: hard

"vite@npm:^6.0.0 || ^7.0.0 || ^8.0.0":
  version: 8.1.4
  resolution: "vite@npm:8.1.4"
  dependencies:
    fsevents: "npm:~2.3.3"
    lightningcss: "npm:^1.32.0"
    picomatch: "npm:^4.0.5"
    postcss: "npm:^8.5.16"
    rolldown: "npm:~1.1.4"
    tinyglobby: "npm:^0.2.17"
  peerDependencies:
    "@types/node": ^20.19.0 || >=22.12.0
    "@vitejs/devtools": ^0.3.0
    esbuild: ^0.27.0 || ^0.28.0
    jiti: ">=1.21.0"
    less: ^4.0.0
    sass: ^1.70.0
    sass-embedded: ^1.70.0
    stylus: ">=0.54.8"
    sugarss: ^5.0.0
    terser: ^5.16.0
    tsx: ^4.8.1
    yaml: ^2.4.2
  dependenciesMeta:
    fsevents:
      optional: true
  peerDependenciesMeta:
    "@types/node":
      optional: true
    "@vitejs/devtools":
      optional: true
    esbuild:
      optional: true
    jiti:
      optional: true
    less:
      optional: true
    sass:
      optional: true
    sass-embedded:
      optional: true
    stylus:
      optional: true
    sugarss:
      optional: true
    terser:
      optional: true
    tsx:
      optional: true
    yaml:
      optional: true
  bin:
    vite: bin/vite.js
  checksum: 10/bb7e33568bdd9b139d2e69425a953d74f2efe8e9a64febe6ea95fb2c7a86080cd4928019f3e844d4df081dafd1267781a3f7e4e7701dbcf125e4fff82c816f0e
  languageName: node
  linkType: hard

"vitest@npm:^4.1.10":
  version: 4.1.10
  resolution: "vitest@npm:4.1.10"
  dependencies:
    "@vitest/expect": "npm:4.1.10"
    "@vitest/mocker": "npm:4.1.10"
    "@vitest/pretty-format": "npm:4.1.10"
    "@vitest/runner": "npm:4.1.10"
    "@vitest/snapshot": "npm:4.1.10"
    "@vitest/spy": "npm:4.1.10"
    "@vitest/utils": "npm:4.1.10"
    es-module-lexer: "npm:^2.0.0"
    expect-type: "npm:^1.3.0"
    magic-string: "npm:^0.30.21"
    obug: "npm:^2.1.1"
    pathe: "npm:^2.0.3"
    picomatch: "npm:^4.0.3"
    std-env: "npm:^4.0.0-rc.1"
    tinybench: "npm:^2.9.0"
    tinyexec: "npm:^1.0.2"
    tinyglobby: "npm:^0.2.15"
    tinyrainbow: "npm:^3.1.0"
    vite: "npm:^6.0.0 || ^7.0.0 || ^8.0.0"
    why-is-node-running: "npm:^2.3.0"
  peerDependencies:
    "@edge-runtime/vm": "*"
    "@opentelemetry/api": ^1.9.0
    "@types/node": ^20.0.0 || ^22.0.0 || >=24.0.0
    "@vitest/browser-playwright": 4.1.10
    "@vitest/browser-preview": 4.1.10
    "@vitest/browser-webdriverio": 4.1.10
    "@vitest/coverage-istanbul": 4.1.10
    "@vitest/coverage-v8": 4.1.10
    "@vitest/ui": 4.1.10
    happy-dom: "*"
    jsdom: "*"
    vite: ^6.0.0 || ^7.0.0 || ^8.0.0
  peerDependenciesMeta:
    "@edge-runtime/vm":
      optional: true
    "@opentelemetry/api":
      optional: true
    "@types/node":
      optional: true
    "@vitest/browser-playwright":
      optional: true
    "@vitest/browser-preview":
      optional: true
    "@vitest/browser-webdriverio":
      optional: true
    "@vitest/coverage-istanbul":
      optional: true
    "@vitest/coverage-v8":
      optional: true
    "@vitest/ui":
      optional: true
    happy-dom:
      optional: true
    jsdom:
      optional: true
    vite:
      optional: false
  bin:
    vitest: ./vitest.mjs
  checksum: 10/020843460fe696c23be2a363634dde4daf54625f1c443c24066ba3f87c478b0ccfdd5124343ba30eb092f54902ffea09f4bed0af4a16a9ee805e494ee2dce34e
  languageName: node
  linkType: hard

"which@npm:^7.0.0":
  version: 7.0.0
  resolution: "which@npm:7.0.0"
  dependencies:
    isexe: "npm:^4.0.0"
  bin:
    node-which: bin/which.js
  checksum: 10/913a43ac10df37602ba9795a004dd7ab12ba7dd592aca1f08ec333be1fdd6a49bbf119a88c3f8d0ea70eeb6251726e77069251424d73000299a0a840ed000732
  languageName: node
  linkType: hard

"why-is-node-running@npm:^2.3.0":
  version: 2.3.0
  resolution: "why-is-node-running@npm:2.3.0"
  dependencies:
    siginfo: "npm:^2.0.0"
    stackback: "npm:0.0.2"
  bin:
    why-is-node-running: cli.js
  checksum: 10/0de6e6cd8f2f94a8b5ca44e84cf1751eadcac3ebedcdc6e5fbbe6c8011904afcbc1a2777c53496ec02ced7b81f2e7eda61e76bf8262a8bc3ceaa1f6040508051
  languageName: node
  linkType: hard

"yallist@npm:^5.0.0":
  version: 5.0.0
  resolution: "yallist@npm:5.0.0"
  checksum: 10/1884d272d485845ad04759a255c71775db0fac56308764b4c77ea56a20d56679fad340213054c8c9c9c26fcfd4c4b2a90df993b7e0aaf3cdb73c618d1d1a802a
  languageName: node
  linkType: hard

"zod@npm:^4.4.3":
  version: 4.4.3
  resolution: "zod@npm:4.4.3"
  checksum: 10/804b9a42aa8f35f2b3c5a8dff906291cb749115f83ee2afe3576d70b5b5c53c965365c7f4967690647a9c54af9838ff232a85ff9577a0a36c44b68bc6cdefe36
  languageName: node
  linkType: hard
